
Microsoft Visual Studio Solution File, Format Version 12.00
# Visual Studio Version 17
VisualStudioVersion = 17.10.35013.160
MinimumVisualStudioVersion = 10.0.40219.1
Project("{FAE04EC0-301F-11D3-BF4B-00C04F79EFBC}") = "PEPRN231_SU24_009909_NguyenDoanAnhKhoa_BE", "PEPRN231_SU24_009909_NguyenDoanAnhKhoa_BE\PEPRN231_SU24_009909_NguyenDoanAnhKhoa_BE.csproj", "{68343653-4DA5-4F52-86AF-7E31D602C13A}"
EndProject
Project("{FAE04EC0-301F-11D3-BF4B-00C04F79EFBC}") = "Repository", "Repository\Repository.csproj", "{4129CD45-AA9B-4A73-8D46-0343B5925E8F}"
EndProject
Project("{FAE04EC0-301F-11D3-BF4B-00C04F79EFBC}") = "PEPRN231_SU24_009909_NguyenDoanAnhKhoa_FE", "PEPRN231_SU24_009909_NguyenDoanAnhKhoa_FE\PEPRN231_SU24_009909_NguyenDoanAnhKhoa_FE.csproj", "{4CF4D1B1-D865-4322-8447-6059CDB12C87}"
EndProject
Global
	GlobalSection(SolutionConfigurationPlatforms) = preSolution
		Debug|Any CPU = Debug|Any CPU
		Release|Any CPU = Release|Any CPU
	EndGlobalSection
	GlobalSection(ProjectConfigurationPlatforms) = postSolution
		{68343653-4DA5-4F52-86AF-7E31D602C13A}.Debug|Any CPU.ActiveCfg = Debug|Any CPU
		{68343653-4DA5-4F52-86AF-7E31D602C13A}.Debug|Any CPU.Build.0 = Debug|Any CPU
		{68343653-4DA5-4F52-86AF-7E31D602C13A}.Release|Any CPU.ActiveCfg = Release|Any CPU
		{68343653-4DA5-4F52-86AF-7E31D602C13A}.Release|Any CPU.Build.0 = Release|Any CPU
		{4129CD45-AA9B-4A73-8D46-0343B5925E8F}.Debug|Any CPU.ActiveCfg = Debug|Any CPU
		{4129CD45-AA9B-4A73-8D46-0343B5925E8F}.Debug|Any CPU.Build.0 = Debug|Any CPU
		{4129CD45-AA9B-4A73-8D46-0343B5925E8F}.Release|Any CPU.ActiveCfg = Release|Any CPU
		{4129CD45-AA9B-4A73-8D46-0343B5925E8F}.Release|Any CPU.Build.0 = Release|Any CPU
		{4CF4D1B1-D865-4322-8447-6059CDB12C87}.Debug|Any CPU.ActiveCfg = Debug|Any CPU
		{4CF4D1B1-D865-4322-8447-6059CDB12C87}.Debug|Any CPU.Build.0 = Debug|Any CPU
		{4CF4D1B1-D865-4322-8447-6059CDB12C87}.Release|Any CPU.ActiveCfg = Release|Any CPU
		{4CF4D1B1-D865-4322-8447-6059CDB12C87}.Release|Any CPU.Build.0 = Release|Any CPU
	EndGlobalSection
	GlobalSection(SolutionProperties) = preSolution
		HideSolutionNode = FALSE
	EndGlobalSection
	GlobalSection(ExtensibilityGlobals) = postSolution
		SolutionGuid = {18A2E4B1-C62E-4111-B33B-1E4976CD39D2}
	EndGlobalSection
EndGlobal
